
Microsoft Visual Studio Solution File, Format Version 12.00
# Visual Studio Version 16
VisualStudioVersion = 16.0.31911.196
MinimumVisualStudioVersion = 10.0.40219.1
Project("{FAE04EC0-301F-11D3-BF4B-00C04F79EFBC}") = "Barcode_Scanner", "Barcode_Scanner\Barcode_Scanner.csproj", "{A3389FAD-09B1-476F-825E-DA6D8CE436C9}"
EndProject
Global
	GlobalSection(SolutionConfigurationPlatforms) = preSolution
		Debug|Any CPU = Debug|Any CPU
		Release|Any CPU = Release|Any CPU
	EndGlobalSection
	GlobalSection(ProjectConfigurationPlatforms) = postSolution
		{A3389FAD-09B1-476F-825E-DA6D8CE436C9}.Debug|Any CPU.ActiveCfg = Debug|Any CPU
		{A3389FAD-09B1-476F-825E-DA6D8CE436C9}.Debug|Any CPU.Build.0 = Debug|Any CPU
		{A3389FAD-09B1-476F-825E-DA6D8CE436C9}.Release|Any CPU.ActiveCfg = Release|Any CPU
		{A3389FAD-09B1-476F-825E-DA6D8CE436C9}.Release|Any CPU.Build.0 = Release|Any CPU
	EndGlobalSection
	GlobalSection(SolutionProperties) = preSolution
		HideSolutionNode = FALSE
	EndGlobalSection
	GlobalSection(ExtensibilityGlobals) = postSolution
		SolutionGuid = {5FBAEB06-F75A-4D23-8791-547CD17DE3DA}
	EndGlobalSection
EndGlobal
